Microsoft Visual Studio Solution File, Format Version 12.00
# Visual Studio Version 16
VisualStudioVersion = 16.0.30717.126
MinimumVisualStudioVersion = 10.0.40219.1
Project("{8BC9CEB8-8B4A-11D0-8D11-00A0C91BC942}") = "CommitMonitor", "src\CommitMonitor.vcxproj", "{920638BE-13B0-4A76-B132-B3E3A56DCB42}"
EndProject
Project("{8BC9CEB8-8B4A-11D0-8D11-00A0C91BC942}") = "Scintilla", "ext\scintilla\Scintilla.vcxproj", "{5877B917-512B-49F5-B514-1B4159E7A9CA}"
EndProject
Project("{8BC9CEB8-8B4A-11D0-8D11-00A0C91BC942}") = "libapr", "ext\apr\libapr.vcxproj", "{55AC36F2-0FAB-43A2-84A2-9BDE4A2D507A}"
EndProject
Project("{8BC9CEB8-8B4A-11D0-8D11-00A0C91BC942}") = "libaprutil", "ext\apr-util\libaprutil.vcxproj", "{CFF1802C-B5E7-4233-90C1-59E23C4E9CC5}"
EndProject
Global
	GlobalSection(SolutionConfigurationPlatforms) = preSolution
		Debug|Win32 = Debug|Win32
		Debug|x64 = Debug|x64
		Debug9x|Win32 = Debug9x|Win32
		Debug9x|x64 = Debug9x|x64
		Release|Win32 = Release|Win32
		Release|x64 = Release|x64
		Release9x|Win32 = Release9x|Win32
		Release9x|x64 = Release9x|x64
		Template|Win32 = Template|Win32
		Template|x64 = Template|x64
	EndGlobalSection
	GlobalSection(ProjectConfigurationPlatforms) = postSolution
		{920638BE-13B0-4A76-B132-B3E3A56DCB42}.Debug|Win32.ActiveCfg = Debug|Win32
		{920638BE-13B0-4A76-B132-B3E3A56DCB42}.Debug|Win32.Build.0 = Debug|Win32
		{920638BE-13B0-4A76-B132-B3E3A56DCB42}.Debug|x64.ActiveCfg = Debug|x64
		{920638BE-13B0-4A76-B132-B3E3A56DCB42}.Debug|x64.Build.0 = Debug|x64
		{920638BE-13B0-4A76-B132-B3E3A56DCB42}.Debug9x|Win32.ActiveCfg = Debug|Win32
		{920638BE-13B0-4A76-B132-B3E3A56DCB42}.Debug9x|Win32.Build.0 = Debug|Win32
		{920638BE-13B0-4A76-B132-B3E3A56DCB42}.Debug9x|x64.ActiveCfg = Debug|x64
		{920638BE-13B0-4A76-B132-B3E3A56DCB42}.Debug9x|x64.Build.0 = Debug|x64
		{920638BE-13B0-4A76-B132-B3E3A56DCB42}.Release|Win32.ActiveCfg = Release|Win32
		{920638BE-13B0-4A76-B132-B3E3A56DCB42}.Release|Win32.Build.0 = Release|Win32
		{920638BE-13B0-4A76-B132-B3E3A56DCB42}.Release|x64.ActiveCfg = Release|x64
		{920638BE-13B0-4A76-B132-B3E3A56DCB42}.Release|x64.Build.0 = Release|x64
		{920638BE-13B0-4A76-B132-B3E3A56DCB42}.Release9x|Win32.ActiveCfg = Release|Win32
		{920638BE-13B0-4A76-B132-B3E3A56DCB42}.Release9x|Win32.Build.0 = Release|Win32
		{920638BE-13B0-4A76-B132-B3E3A56DCB42}.Release9x|x64.ActiveCfg = Release|x64
		{920638BE-13B0-4A76-B132-B3E3A56DCB42}.Release9x|x64.Build.0 = Release|x64
		{920638BE-13B0-4A76-B132-B3E3A56DCB42}.Template|Win32.ActiveCfg = Release|Win32
		{920638BE-13B0-4A76-B132-B3E3A56DCB42}.Template|Win32.Build.0 = Release|Win32
		{920638BE-13B0-4A76-B132-B3E3A56DCB42}.Template|x64.ActiveCfg = Release|x64
		{920638BE-13B0-4A76-B132-B3E3A56DCB42}.Template|x64.Build.0 = Release|x64
		{5877B917-512B-49F5-B514-1B4159E7A9CA}.Debug|Win32.ActiveCfg = Debug|Win32
		{5877B917-512B-49F5-B514-1B4159E7A9CA}.Debug|Win32.Build.0 = Debug|Win32
		{5877B917-512B-49F5-B514-1B4159E7A9CA}.Debug|x64.ActiveCfg = Debug|x64
		{5877B917-512B-49F5-B514-1B4159E7A9CA}.Debug|x64.Build.0 = Debug|x64
		{5877B917-512B-49F5-B514-1B4159E7A9CA}.Debug9x|Win32.ActiveCfg = Debug|Win32
		{5877B917-512B-49F5-B514-1B4159E7A9CA}.Debug9x|Win32.Build.0 = Debug|Win32
		{5877B917-512B-49F5-B514-1B4159E7A9CA}.Debug9x|x64.ActiveCfg = Debug|x64
		{5877B917-512B-49F5-B514-1B4159E7A9CA}.Debug9x|x64.Build.0 = Debug|x64
		{5877B917-512B-49F5-B514-1B4159E7A9CA}.Release|Win32.ActiveCfg = Release|Win32
		{5877B917-512B-49F5-B514-1B4159E7A9CA}.Release|Win32.Build.0 = Release|Win32
		{5877B917-512B-49F5-B514-1B4159E7A9CA}.Release|x64.ActiveCfg = Release|x64
		{5877B917-512B-49F5-B514-1B4159E7A9CA}.Release|x64.Build.0 = Release|x64
		{5877B917-512B-49F5-B514-1B4159E7A9CA}.Release9x|Win32.ActiveCfg = Release|Win32
		{5877B917-512B-49F5-B514-1B4159E7A9CA}.Release9x|Win32.Build.0 = Release|Win32
		{5877B917-512B-49F5-B514-1B4159E7A9CA}.Release9x|x64.ActiveCfg = Release|x64
		{5877B917-512B-49F5-B514-1B4159E7A9CA}.Release9x|x64.Build.0 = Release|x64
		{5877B917-512B-49F5-B514-1B4159E7A9CA}.Template|Win32.ActiveCfg = Release|Win32
		{5877B917-512B-49F5-B514-1B4159E7A9CA}.Template|Win32.Build.0 = Release|Win32
		{5877B917-512B-49F5-B514-1B4159E7A9CA}.Template|x64.ActiveCfg = Release|x64
		{5877B917-512B-49F5-B514-1B4159E7A9CA}.Template|x64.Build.0 = Release|x64
		{55AC36F2-0FAB-43A2-84A2-9BDE4A2D507A}.Debug|Win32.ActiveCfg = Debug|Win32
		{55AC36F2-0FAB-43A2-84A2-9BDE4A2D507A}.Debug|Win32.Build.0 = Debug|Win32
		{55AC36F2-0FAB-43A2-84A2-9BDE4A2D507A}.Debug|x64.ActiveCfg = Debug|x64
		{55AC36F2-0FAB-43A2-84A2-9BDE4A2D507A}.Debug|x64.Build.0 = Debug|x64
		{55AC36F2-0FAB-43A2-84A2-9BDE4A2D507A}.Debug9x|Win32.ActiveCfg = Debug9x|Win32
		{55AC36F2-0FAB-43A2-84A2-9BDE4A2D507A}.Debug9x|Win32.Build.0 = Debug9x|Win32
		{55AC36F2-0FAB-43A2-84A2-9BDE4A2D507A}.Debug9x|x64.ActiveCfg = Debug9x|x64
		{55AC36F2-0FAB-43A2-84A2-9BDE4A2D507A}.Debug9x|x64.Build.0 = Debug9x|x64
		{55AC36F2-0FAB-43A2-84A2-9BDE4A2D507A}.Release|Win32.ActiveCfg = Release|Win32
		{55AC36F2-0FAB-43A2-84A2-9BDE4A2D507A}.Release|Win32.Build.0 = Release|Win32
		{55AC36F2-0FAB-43A2-84A2-9BDE4A2D507A}.Release|x64.ActiveCfg = Release|x64
		{55AC36F2-0FAB-43A2-84A2-9BDE4A2D507A}.Release|x64.Build.0 = Release|x64
		{55AC36F2-0FAB-43A2-84A2-9BDE4A2D507A}.Release9x|Win32.ActiveCfg = Release9x|Win32
		{55AC36F2-0FAB-43A2-84A2-9BDE4A2D507A}.Release9x|Win32.Build.0 = Release9x|Win32
		{55AC36F2-0FAB-43A2-84A2-9BDE4A2D507A}.Release9x|x64.ActiveCfg = Release9x|x64
		{55AC36F2-0FAB-43A2-84A2-9BDE4A2D507A}.Release9x|x64.Build.0 = Release9x|x64
		{55AC36F2-0FAB-43A2-84A2-9BDE4A2D507A}.Template|Win32.ActiveCfg = Template|Win32
		{55AC36F2-0FAB-43A2-84A2-9BDE4A2D507A}.Template|Win32.Build.0 = Template|Win32
		{55AC36F2-0FAB-43A2-84A2-9BDE4A2D507A}.Template|x64.ActiveCfg = Template|x64
		{55AC36F2-0FAB-43A2-84A2-9BDE4A2D507A}.Template|x64.Build.0 = Template|x64
		{CFF1802C-B5E7-4233-90C1-59E23C4E9CC5}.Debug|Win32.ActiveCfg = Debug|Win32
		{CFF1802C-B5E7-4233-90C1-59E23C4E9CC5}.Debug|Win32.Build.0 = Debug|Win32
		{CFF1802C-B5E7-4233-90C1-59E23C4E9CC5}.Debug|x64.ActiveCfg = Debug|x64
		{CFF1802C-B5E7-4233-90C1-59E23C4E9CC5}.Debug|x64.Build.0 = Debug|x64
		{CFF1802C-B5E7-4233-90C1-59E23C4E9CC5}.Debug9x|Win32.ActiveCfg = Debug|Win32
		{CFF1802C-B5E7-4233-90C1-59E23C4E9CC5}.Debug9x|Win32.Build.0 = Debug|Win32
		{CFF1802C-B5E7-4233-90C1-59E23C4E9CC5}.Debug9x|x64.ActiveCfg = Debug|x64
		{CFF1802C-B5E7-4233-90C1-59E23C4E9CC5}.Debug9x|x64.Build.0 = Debug|x64
		{CFF1802C-B5E7-4233-90C1-59E23C4E9CC5}.Release|Win32.ActiveCfg = Release|Win32
		{CFF1802C-B5E7-4233-90C1-59E23C4E9CC5}.Release|Win32.Build.0 = Release|Win32
		{CFF1802C-B5E7-4233-90C1-59E23C4E9CC5}.Release|x64.ActiveCfg = Release|x64
		{CFF1802C-B5E7-4233-90C1-59E23C4E9CC5}.Release|x64.Build.0 = Release|x64
		{CFF1802C-B5E7-4233-90C1-59E23C4E9CC5}.Release9x|Win32.ActiveCfg = Release|Win32
		{CFF1802C-B5E7-4233-90C1-59E23C4E9CC5}.Release9x|Win32.Build.0 = Release|Win32
		{CFF1802C-B5E7-4233-90C1-59E23C4E9CC5}.Release9x|x64.ActiveCfg = Release|x64
		{CFF1802C-B5E7-4233-90C1-59E23C4E9CC5}.Release9x|x64.Build.0 = Release|x64
		{CFF1802C-B5E7-4233-90C1-59E23C4E9CC5}.Template|Win32.ActiveCfg = Template|Win32
		{CFF1802C-B5E7-4233-90C1-59E23C4E9CC5}.Template|Win32.Build.0 = Template|Win32
		{CFF1802C-B5E7-4233-90C1-59E23C4E9CC5}.Template|x64.ActiveCfg = Template|x64
		{CFF1802C-B5E7-4233-90C1-59E23C4E9CC5}.Template|x64.Build.0 = Template|x64
	EndGlobalSection
	GlobalSection(SolutionProperties) = preSolution
		HideSolutionNode = FALSE
	EndGlobalSection
	GlobalSection(ExtensibilityGlobals) = postSolution
		SolutionGuid = {0956AF36-0F42-4F9F-AC1C-1DA654D8F564}
	EndGlobalSection
EndGlobal
