<?xml version="1.0" encoding="utf-8"?>
<Project ToolsVersion="4.0" xmlns="http://schemas.microsoft.com/developer/msbuild/2003">
  <ItemGroup>
    <Filter Include="Source Files">
      <UniqueIdentifier>{4FC737F1-C7A5-4376-A066-2A32D752A2FF}</UniqueIdentifier>
      <Extensions>cpp;c;cc;cxx;def;odl;idl;hpj;bat;asm;asmx</Extensions>
    </Filter>
    <Filter Include="Header Files">
      <UniqueIdentifier>{93995380-89BD-4b04-88EB-625FBE52EBFB}</UniqueIdentifier>
      <Extensions>h;hpp;hxx;hm;inl;inc;xsd</Extensions>
    </Filter>
    <Filter Include="Resource Files">
      <UniqueIdentifier>{67DA6AB6-F800-4c08-8B7A-83BB121AAD01}</UniqueIdentifier>
      <Extensions>rc;ico;cur;bmp;dlg;rc2;rct;bin;rgs;gif;jpg;jpeg;jpe;resx;tiff;tif;png;wav</Extensions>
    </Filter>
    <Filter Include="WiX">
      <UniqueIdentifier>{20a91f2e-fd11-4d87-808b-dff18bc5d303}</UniqueIdentifier>
    </Filter>
    <Filter Include="Build Scripts">
      <UniqueIdentifier>{4dab3fe9-19bb-4413-82ea-485f1874a0bd}</UniqueIdentifier>
    </Filter>
    <Filter Include="Build Scripts\ext">
      <UniqueIdentifier>{7502ccc0-f601-4ba6-bef9-c34a6fb48d1d}</UniqueIdentifier>
    </Filter>
    <Filter Include="Utils">
      <UniqueIdentifier>{766eaf8f-6f8b-4b49-b050-bdf4ced096af}</UniqueIdentifier>
    </Filter>
    <Filter Include="sktoolslib">
      <UniqueIdentifier>{839d8d48-0ffb-4fb1-b865-1fc7447eacca}</UniqueIdentifier>
    </Filter>
  </ItemGroup>
  <ItemGroup>
    <ClCompile Include="AboutDlg.cpp">
      <Filter>Source Files</Filter>
    </ClCompile>
    <ClCompile Include="CommitMonitor.cpp">
      <Filter>Source Files</Filter>
    </ClCompile>
    <ClCompile Include="DiffViewer.cpp">
      <Filter>Source Files</Filter>
    </ClCompile>
    <ClCompile Include="FindBar.cpp">
      <Filter>Source Files</Filter>
    </ClCompile>
    <ClCompile Include="HiddenWindow.cpp">
      <Filter>Source Files</Filter>
    </ClCompile>
    <ClCompile Include="MainDlg.cpp">
      <Filter>Source Files</Filter>
    </ClCompile>
    <ClCompile Include="OptionsDlg.cpp">
      <Filter>Source Files</Filter>
    </ClCompile>
    <ClCompile Include="PasswordDlg.cpp">
      <Filter>Source Files</Filter>
    </ClCompile>
    <ClCompile Include="ProgressDlg.cpp">
      <Filter>Source Files</Filter>
    </ClCompile>
    <ClCompile Include="SerializeUtils.cpp">
      <Filter>Source Files</Filter>
    </ClCompile>
    <ClCompile Include="StatusBarMsgWnd.cpp">
      <Filter>Source Files</Filter>
    </ClCompile>
    <ClCompile Include="stdafx.cpp">
      <Filter>Source Files</Filter>
    </ClCompile>
    <ClCompile Include="SVN.cpp">
      <Filter>Source Files</Filter>
    </ClCompile>
    <ClCompile Include="SVNPool.cpp">
      <Filter>Source Files</Filter>
    </ClCompile>
    <ClCompile Include="UpdateDlg.cpp">
      <Filter>Source Files</Filter>
    </ClCompile>
    <ClCompile Include="URLDlg.cpp">
      <Filter>Source Files</Filter>
    </ClCompile>
    <ClCompile Include="UrlInfo.cpp">
      <Filter>Source Files</Filter>
    </ClCompile>
    <ClCompile Include="AppUtils.cpp">
      <Filter>Utils</Filter>
    </ClCompile>
    <ClCompile Include="..\ext\BlowFish\BlowFish.cpp">
      <Filter>Utils</Filter>
    </ClCompile>
    <ClCompile Include="MappedInFile.cpp">
      <Filter>Utils</Filter>
    </ClCompile>
    <ClCompile Include="..\ext\snarl\SnarlInterface.cpp">
      <Filter>Utils</Filter>
    </ClCompile>
    <ClCompile Include="SCCS.cpp">
      <Filter>Source Files</Filter>
    </ClCompile>
    <ClCompile Include="Accurev.cpp">
      <Filter>Source Files</Filter>
    </ClCompile>
    <ClCompile Include="..\ext\sktoolslib\Registry.cpp">
      <Filter>sktoolslib</Filter>
    </ClCompile>
    <ClCompile Include="..\ext\sktoolslib\StringUtils.cpp">
      <Filter>sktoolslib</Filter>
    </ClCompile>
    <ClCompile Include="..\ext\sktoolslib\UnicodeUtils.cpp">
      <Filter>sktoolslib</Filter>
    </ClCompile>
    <ClCompile Include="..\ext\sktoolslib\AeroControls.cpp">
      <Filter>sktoolslib</Filter>
    </ClCompile>
    <ClCompile Include="..\ext\sktoolslib\AeroGlass.cpp">
      <Filter>sktoolslib</Filter>
    </ClCompile>
    <ClCompile Include="..\ext\sktoolslib\BaseDialog.cpp">
      <Filter>sktoolslib</Filter>
    </ClCompile>
    <ClCompile Include="..\ext\sktoolslib\BaseWindow.cpp">
      <Filter>sktoolslib</Filter>
    </ClCompile>
    <ClCompile Include="..\ext\sktoolslib\Callback.cpp">
      <Filter>sktoolslib</Filter>
    </ClCompile>
    <ClCompile Include="..\ext\sktoolslib\CmdLineParser.cpp">
      <Filter>sktoolslib</Filter>
    </ClCompile>
    <ClCompile Include="..\ext\sktoolslib\DirFileEnum.cpp">
      <Filter>sktoolslib</Filter>
    </ClCompile>
    <ClCompile Include="..\ext\sktoolslib\hyperlink.cpp">
      <Filter>sktoolslib</Filter>
    </ClCompile>
    <ClCompile Include="..\ext\sktoolslib\ListCtrl.cpp">
      <Filter>sktoolslib</Filter>
    </ClCompile>
    <ClCompile Include="..\ext\sktoolslib\ReaderWriterLock.cpp">
      <Filter>sktoolslib</Filter>
    </ClCompile>
    <ClCompile Include="..\ext\sktoolslib\DebugOutput.cpp">
      <Filter>sktoolslib</Filter>
    </ClCompile>
  </ItemGroup>
  <ItemGroup>
    <ClInclude Include="AboutDlg.h">
      <Filter>Header Files</Filter>
    </ClInclude>
    <ClInclude Include="CommitMonitor.h">
      <Filter>Header Files</Filter>
    </ClInclude>
    <ClInclude Include="DiffViewer.h">
      <Filter>Header Files</Filter>
    </ClInclude>
    <ClInclude Include="FindBar.h">
      <Filter>Header Files</Filter>
    </ClInclude>
    <ClInclude Include="HiddenWindow.h">
      <Filter>Header Files</Filter>
    </ClInclude>
    <ClInclude Include="MainDlg.h">
      <Filter>Header Files</Filter>
    </ClInclude>
    <ClInclude Include="OptionsDlg.h">
      <Filter>Header Files</Filter>
    </ClInclude>
    <ClInclude Include="PasswordDlg.h">
      <Filter>Header Files</Filter>
    </ClInclude>
    <ClInclude Include="ProgressDlg.h">
      <Filter>Header Files</Filter>
    </ClInclude>
    <ClInclude Include="SerializeUtils.h">
      <Filter>Header Files</Filter>
    </ClInclude>
    <ClInclude Include="StatusBarMsgWnd.h">
      <Filter>Header Files</Filter>
    </ClInclude>
    <ClInclude Include="stdafx.h">
      <Filter>Header Files</Filter>
    </ClInclude>
    <ClInclude Include="SVN.h">
      <Filter>Header Files</Filter>
    </ClInclude>
    <ClInclude Include="SVNPool.h">
      <Filter>Header Files</Filter>
    </ClInclude>
    <ClInclude Include="UpdateDlg.h">
      <Filter>Header Files</Filter>
    </ClInclude>
    <ClInclude Include="URLDlg.h">
      <Filter>Header Files</Filter>
    </ClInclude>
    <ClInclude Include="UrlInfo.h">
      <Filter>Header Files</Filter>
    </ClInclude>
    <ClInclude Include="AppUtils.h">
      <Filter>Utils</Filter>
    </ClInclude>
    <ClInclude Include="..\ext\BlowFish\Blowfish.h">
      <Filter>Utils</Filter>
    </ClInclude>
    <ClInclude Include="MappedInFile.h">
      <Filter>Utils</Filter>
    </ClInclude>
    <ClInclude Include="memdc.h">
      <Filter>Utils</Filter>
    </ClInclude>
    <ClInclude Include="..\ext\snarl\SnarlInterface.h">
      <Filter>Utils</Filter>
    </ClInclude>
    <ClInclude Include="Accurev.h">
      <Filter>Header Files</Filter>
    </ClInclude>
    <ClInclude Include="SCCS.h">
      <Filter>Header Files</Filter>
    </ClInclude>
    <ClInclude Include="..\ext\sktoolslib\Registry.h">
      <Filter>sktoolslib</Filter>
    </ClInclude>
    <ClInclude Include="..\ext\sktoolslib\SimpleIni.h">
      <Filter>sktoolslib</Filter>
    </ClInclude>
    <ClInclude Include="..\ext\sktoolslib\StringUtils.h">
      <Filter>sktoolslib</Filter>
    </ClInclude>
    <ClInclude Include="..\ext\sktoolslib\UnicodeUtils.h">
      <Filter>sktoolslib</Filter>
    </ClInclude>
    <ClInclude Include="..\ext\sktoolslib\AeroControls.h">
      <Filter>sktoolslib</Filter>
    </ClInclude>
    <ClInclude Include="..\ext\sktoolslib\AeroGlass.h">
      <Filter>sktoolslib</Filter>
    </ClInclude>
    <ClInclude Include="..\ext\sktoolslib\BaseDialog.h">
      <Filter>sktoolslib</Filter>
    </ClInclude>
    <ClInclude Include="..\ext\sktoolslib\BaseWindow.h">
      <Filter>sktoolslib</Filter>
    </ClInclude>
    <ClInclude Include="..\ext\sktoolslib\Callback.h">
      <Filter>sktoolslib</Filter>
    </ClInclude>
    <ClInclude Include="..\ext\sktoolslib\ClipboardHelper.h">
      <Filter>sktoolslib</Filter>
    </ClInclude>
    <ClInclude Include="..\ext\sktoolslib\CmdLineParser.h">
      <Filter>sktoolslib</Filter>
    </ClInclude>
    <ClInclude Include="..\ext\sktoolslib\DirFileEnum.h">
      <Filter>sktoolslib</Filter>
    </ClInclude>
    <ClInclude Include="..\ext\sktoolslib\hyperlink.h">
      <Filter>sktoolslib</Filter>
    </ClInclude>
    <ClInclude Include="..\ext\sktoolslib\ListCtrl.h">
      <Filter>sktoolslib</Filter>
    </ClInclude>
    <ClInclude Include="..\ext\sktoolslib\ReaderWriterLock.h">
      <Filter>sktoolslib</Filter>
    </ClInclude>
    <ClInclude Include="..\ext\sktoolslib\DebugOutput.h">
      <Filter>sktoolslib</Filter>
    </ClInclude>
    <ClInclude Include="resource.h">
      <Filter>Header Files</Filter>
    </ClInclude>
  </ItemGroup>
  <ItemGroup>
    <None Include="Resources\about.ico">
      <Filter>Resource Files</Filter>
    </None>
    <None Include="Resources\add.ico">
      <Filter>Resource Files</Filter>
    </None>
    <None Include="Resources\cancel-normal.bmp">
      <Filter>Resource Files</Filter>
    </None>
    <None Include="Resources\CommitMonitor.ico">
      <Filter>Resource Files</Filter>
    </None>
    <None Include="Resources\CommitMonitor.png">
      <Filter>Resource Files</Filter>
    </None>
    <None Include="Resources\CommitMonitor.rc2">
      <Filter>Resource Files</Filter>
    </None>
    <None Include="Resources\CommitMonitorRed0.ico">
      <Filter>Resource Files</Filter>
    </None>
    <None Include="Resources\CommitMonitorRed1.ico">
      <Filter>Resource Files</Filter>
    </None>
    <None Include="Resources\CommitMonitorRed2.ico">
      <Filter>Resource Files</Filter>
    </None>
    <None Include="Resources\CommitMonitorRed3.ico">
      <Filter>Resource Files</Filter>
    </None>
    <None Include="Resources\diff.ico">
      <Filter>Resource Files</Filter>
    </None>
    <None Include="Resources\edit.ico">
      <Filter>Resource Files</Filter>
    </None>
    <None Include="Resources\folder.ico">
      <Filter>Resource Files</Filter>
    </None>
    <None Include="Resources\folder_open.ico">
      <Filter>Resource Files</Filter>
    </None>
    <None Include="Resources\getall.ico">
      <Filter>Resource Files</Filter>
    </None>
    <None Include="Resources\mark-all-as-read.ico">
      <Filter>Resource Files</Filter>
    </None>
    <None Include="Resources\Notification.wav">
      <Filter>Resource Files</Filter>
    </None>
    <None Include="Resources\options.ico">
      <Filter>Resource Files</Filter>
    </None>
    <None Include="Resources\remove.ico">
      <Filter>Resource Files</Filter>
    </None>
    <None Include="Resources\repourl.ico">
      <Filter>Resource Files</Filter>
    </None>
    <None Include="Resources\repourl_inactive.ico">
      <Filter>Resource Files</Filter>
    </None>
    <None Include="Resources\repourl_new.ico">
      <Filter>Resource Files</Filter>
    </None>
    <None Include="Resources\repourlfail.ico">
      <Filter>Resource Files</Filter>
    </None>
    <None Include="Setup\Includes.wxi">
      <Filter>WiX</Filter>
    </None>
    <None Include="Setup\Setup.wxs">
      <Filter>WiX</Filter>
    </None>
    <None Include="Setup\VersionNumberInclude.in.wxi">
      <Filter>WiX</Filter>
    </None>
    <None Include="..\default.build">
      <Filter>Build Scripts</Filter>
    </None>
    <None Include="Setup\setup.build">
      <Filter>Build Scripts</Filter>
    </None>
    <None Include="..\version.build.in">
      <Filter>Build Scripts</Filter>
    </None>
    <None Include="..\ext\build\apr.build">
      <Filter>Build Scripts\ext</Filter>
    </None>
    <None Include="..\ext\build\aprutil.build">
      <Filter>Build Scripts\ext</Filter>
    </None>
    <None Include="..\ext\build\default.build">
      <Filter>Build Scripts\ext</Filter>
    </None>
    <None Include="..\ext\build\OpenSSL.build">
      <Filter>Build Scripts\ext</Filter>
    </None>
    <None Include="..\ext\build\sasl.build">
      <Filter>Build Scripts\ext</Filter>
    </None>
    <None Include="..\ext\build\serf.build">
      <Filter>Build Scripts\ext</Filter>
    </None>
    <None Include="..\ext\build\subversion.build">
      <Filter>Build Scripts\ext</Filter>
    </None>
    <None Include="..\ext\build\zlib.build">
      <Filter>Build Scripts\ext</Filter>
    </None>
    <None Include="Setup\Setup64.wxs">
      <Filter>WiX</Filter>
    </None>
    <None Include="who-is-who.example">
      <Filter>Resource Files</Filter>
    </None>
  </ItemGroup>
  <ItemGroup>
    <ResourceCompile Include="CommitMonitor.rc">
      <Filter>Resource Files</Filter>
    </ResourceCompile>
  </ItemGroup>
  <ItemGroup>
    <Manifest Include="compatibility.manifest">
      <Filter>Resource Files</Filter>
    </Manifest>
  </ItemGroup>
</Project>